
Microsoft Visual Studio Solution File, Format Version 12.00
# Visual Studio Version 16
VisualStudioVersion = 16.0.30611.23
MinimumVisualStudioVersion = 10.0.40219.1
Project("{FAE04EC0-301F-11D3-BF4B-00C04F79EFBC}") = "SAVE_THE_SANTACOS!", "SAVE_THE_SANTACOS!\SAVE_THE_SANTACOS!.csproj", "{21F0A26D-C12C-42B0-847D-843EAC76B631}"
EndProject
Global
	GlobalSection(SolutionConfigurationPlatforms) = preSolution
		Debug|Any CPU = Debug|Any CPU
		Release|Any CPU = Release|Any CPU
	EndGlobalSection
	GlobalSection(ProjectConfigurationPlatforms) = postSolution
		{21F0A26D-C12C-42B0-847D-843EAC76B631}.Debug|Any CPU.ActiveCfg = Debug|Any CPU
		{21F0A26D-C12C-42B0-847D-843EAC76B631}.Debug|Any CPU.Build.0 = Debug|Any CPU
		{21F0A26D-C12C-42B0-847D-843EAC76B631}.Release|Any CPU.ActiveCfg = Release|Any CPU
		{21F0A26D-C12C-42B0-847D-843EAC76B631}.Release|Any CPU.Build.0 = Release|Any CPU
	EndGlobalSection
	GlobalSection(SolutionProperties) = preSolution
		HideSolutionNode = FALSE
	EndGlobalSection
	GlobalSection(ExtensibilityGlobals) = postSolution
		SolutionGuid = {D081B35D-BF18-4D09-8224-00A940E6275C}
	EndGlobalSection
EndGlobal
